PODS:
  - Parchment (2.3.0)
  - SnapKit (5.0.1)

DEPENDENCIES:
  - Parchment
  - SnapKit (~> 5.0.0)

SPEC REPOS:
  trunk:
    - Parchment
    - SnapKit

SPEC CHECKSUMS:
  Parchment: 72a7eb8072454a9500a53dd84776e04fba24e740
  SnapKit: 97b92857e3df3a0c71833cce143274bf6ef8e5eb

PODFILE CHECKSUM: 1b0eb98d0b037b961270ab6a9e3dab274e8f3c21

COCOAPODS: 1.9.1
